
Microsoft Visual Studio Solution File, Format Version 12.00
# Visual Studio Version 17
VisualStudioVersion = 17.5.002.0
MinimumVisualStudioVersion = 10.0.40219.1
Project("{9A19103F-16F7-4668-BE54-9A1E7A4F7556}") = "DZ_S_47", "DZ_S_47.csproj", "{7897DA76-AFC8-4AE1-872D-D4643E7490A6}"
EndProject
Global
	GlobalSection(SolutionConfigurationPlatforms) = preSolution
		Debug|Any CPU = Debug|Any CPU
		Release|Any CPU = Release|Any CPU
	EndGlobalSection
	GlobalSection(ProjectConfigurationPlatforms) = postSolution
		{7897DA76-AFC8-4AE1-872D-D4643E7490A6}.Debug|Any CPU.ActiveCfg = Debug|Any CPU
		{7897DA76-AFC8-4AE1-872D-D4643E7490A6}.Debug|Any CPU.Build.0 = Debug|Any CPU
		{7897DA76-AFC8-4AE1-872D-D4643E7490A6}.Release|Any CPU.ActiveCfg = Release|Any CPU
		{7897DA76-AFC8-4AE1-872D-D4643E7490A6}.Release|Any CPU.Build.0 = Release|Any CPU
	EndGlobalSection
	GlobalSection(SolutionProperties) = preSolution
		HideSolutionNode = FALSE
	EndGlobalSection
	GlobalSection(ExtensibilityGlobals) = postSolution
		SolutionGuid = {52D9D0E6-001C-45C1-959F-47C45D0423AB}
	EndGlobalSection
EndGlobal
